
Microsoft Visual Studio Solution File, Format Version 12.00
# Visual Studio Version 16
VisualStudioVersion = 16.0.33927.289
MinimumVisualStudioVersion = 10.0.40219.1
Project("{2150E333-8FDC-42A3-9474-1A3956D46DE8}") = "Task0", "Task0", "{7C1294CE-6E58-4543-8F6A-03766955F378}"
EndProject
Project("{FAE04EC0-301F-11D3-BF4B-00C04F79EFBC}") = "Tyuiu.PimenovaTS.Sprint6.Task0.V10.Lib", "Tyuiu.PimenovaTS.Sprint6.Task0.V10.Lib\Tyuiu.PimenovaTS.Sprint6.Task0.V10.Lib.csproj", "{250226AA-1BAC-4607-9380-6746BC7E717B}"
EndProject
Project("{FAE04EC0-301F-11D3-BF4B-00C04F79EFBC}") = "Tyuiu.PimenovaTS.Sprint6.Task0.V10.Test", "Tyuiu.PimenovaTS.Sprint6.Task0.V10.Test\Tyuiu.PimenovaTS.Sprint6.Task0.V10.Test.csproj", "{F30AFC14-F394-4C2A-8A96-484D2C4398C0}"
EndProject
Project("{FAE04EC0-301F-11D3-BF4B-00C04F79EFBC}") = "Tyuiu.PimenovaTS.Sprint6.Task0.V10", "Tyuiu.PimenovaTS.Sprint6.Task0.V10\Tyuiu.PimenovaTS.Sprint6.Task0.V10.csproj", "{DFE45975-8B32-4A72-86CB-73E116B24C01}"
EndProject
Project("{2150E333-8FDC-42A3-9474-1A3956D46DE8}") = "Task1", "Task1", "{504177A4-B311-4716-BC8F-27D6B4B0DC4D}"
EndProject
Project("{FAE04EC0-301F-11D3-BF4B-00C04F79EFBC}") = "Tyuiu.PimenovaTS.Sprint6.Task1.V8.Test", "Tyuiu.PimenovaTS.Sprint6.Task1.V8.Test\Tyuiu.PimenovaTS.Sprint6.Task1.V8.Test.csproj", "{5A33EAD3-0FA1-415C-B9FE-1CE389F1D824}"
EndProject
Project("{FAE04EC0-301F-11D3-BF4B-00C04F79EFBC}") = "Tyuiu.PimenovaTS.Sprint6.Task1.V8.Lib", "Tyuiu.PimenovaTS.Sprint6.Task1.V8.Lib\Tyuiu.PimenovaTS.Sprint6.Task1.V8.Lib.csproj", "{0ED930F7-3051-4BEE-BAF0-97C8797D8E14}"
EndProject
Project("{FAE04EC0-301F-11D3-BF4B-00C04F79EFBC}") = "Tyuiu.PimenovaTS.Sprint6.Task1.V8", "Tyuiu.PimenovaTS.Sprint6.Task1.V8\Tyuiu.PimenovaTS.Sprint6.Task1.V8.csproj", "{CB2041C6-8529-4039-89D4-B6F1FD4F472D}"
EndProject
Project("{2150E333-8FDC-42A3-9474-1A3956D46DE8}") = "Task2", "Task2", "{B8941F46-5569-4DDF-BBC9-1BB4FDAEAF13}"
EndProject
Project("{FAE04EC0-301F-11D3-BF4B-00C04F79EFBC}") = "Tyuiu.PimenovaTS.Sprint6.Task2.V18", "Tyuiu.PimenovaTS.Sprint6.Task2.V18\Tyuiu.PimenovaTS.Sprint6.Task2.V18.csproj", "{FC21B155-2475-4115-9C84-390815DF3C42}"
EndProject
Project("{FAE04EC0-301F-11D3-BF4B-00C04F79EFBC}") = "Tyuiu.PimenovaTS.Sprint6.Task2.V18.Lib", "Tyuiu.PimenovaTS.Sprint6.Task2.V18.Lib\Tyuiu.PimenovaTS.Sprint6.Task2.V18.Lib.csproj", "{09F31338-A78C-4A1B-A171-E40CB7B7BF92}"
EndProject
Project("{FAE04EC0-301F-11D3-BF4B-00C04F79EFBC}") = "Tyuiu.PimenovaTS.Sprint6.Task2.V18.Test", "Tyuiu.PimenovaTS.Sprint6.Task2.V18.Test\Tyuiu.PimenovaTS.Sprint6.Task2.V18.Test.csproj", "{B12FC2D3-FE43-4794-9817-F94AF045F58A}"
EndProject
Project("{2150E333-8FDC-42A3-9474-1A3956D46DE8}") = "Task3", "Task3", "{019D0D77-A158-4908-8343-638E6D3A3771}"
EndProject
Project("{FAE04EC0-301F-11D3-BF4B-00C04F79EFBC}") = "Tyuiu.PimenovaTS.Sprint6.Task3.V3", "Tyuiu.PimenovaTS.Sprint6.Task3.V3\Tyuiu.PimenovaTS.Sprint6.Task3.V3.csproj", "{E2F8F9E5-B76C-40E2-A8B8-00DC9CC0A06C}"
EndProject
Project("{FAE04EC0-301F-11D3-BF4B-00C04F79EFBC}") = "Tyuiu.PimenovaTS.Sprint6.Task3.V3.Lib", "Tyuiu.PimenovaTS.Sprint6.Task3.V3.Lib\Tyuiu.PimenovaTS.Sprint6.Task3.V3.Lib.csproj", "{E29599DB-6585-47DC-9801-89CA0A5B8D53}"
EndProject
Project("{FAE04EC0-301F-11D3-BF4B-00C04F79EFBC}") = "Tyuiu.PimenovaTS.Sprint6.Task3.V3.Test", "Tyuiu.PimenovaTS.Sprint6.Task3.V3.Test\Tyuiu.PimenovaTS.Sprint6.Task3.V3.Test.csproj", "{2127636B-EEC1-4164-BC41-0E5143BD7644}"
EndProject
Project("{2150E333-8FDC-42A3-9474-1A3956D46DE8}") = "Task4", "Task4", "{F5888804-A8DB-4DD3-AE54-3CCF89A6D248}"
EndProject
Project("{FAE04EC0-301F-11D3-BF4B-00C04F79EFBC}") = "Tyuiu.PimenovaTS.Sprint6.Task4.V27", "Tyuiu.PimenovaTS.Sprint6.Task4.V27\Tyuiu.PimenovaTS.Sprint6.Task4.V27.csproj", "{05D356AC-F99D-4446-AAB2-85E586A9C2F3}"
EndProject
Project("{FAE04EC0-301F-11D3-BF4B-00C04F79EFBC}") = "Tyuiu.PimenovaTS.Sprint6.Task4.V27.Lib", "Tyuiu.PimenovaTS.Sprint6.Task4.V27.Lib\Tyuiu.PimenovaTS.Sprint6.Task4.V27.Lib.csproj", "{A81D6054-0DBF-4287-9AF5-593380A66F51}"
EndProject
Project("{FAE04EC0-301F-11D3-BF4B-00C04F79EFBC}") = "Tyuiu.PimenovaTS.Sprint6.Task4.V27.Test", "Tyuiu.PimenovaTS.Sprint6.Task4.V27.Test\Tyuiu.PimenovaTS.Sprint6.Task4.V27.Test.csproj", "{4B669B7C-1302-4D1D-8FF2-33208D036183}"
EndProject
Global
	GlobalSection(SolutionConfigurationPlatforms) = preSolution
		Debug|Any CPU = Debug|Any CPU
		Release|Any CPU = Release|Any CPU
	EndGlobalSection
	GlobalSection(ProjectConfigurationPlatforms) = postSolution
		{250226AA-1BAC-4607-9380-6746BC7E717B}.Debug|Any CPU.ActiveCfg = Debug|Any CPU
		{250226AA-1BAC-4607-9380-6746BC7E717B}.Debug|Any CPU.Build.0 = Debug|Any CPU
		{250226AA-1BAC-4607-9380-6746BC7E717B}.Release|Any CPU.ActiveCfg = Release|Any CPU
		{250226AA-1BAC-4607-9380-6746BC7E717B}.Release|Any CPU.Build.0 = Release|Any CPU
		{F30AFC14-F394-4C2A-8A96-484D2C4398C0}.Debug|Any CPU.ActiveCfg = Debug|Any CPU
		{F30AFC14-F394-4C2A-8A96-484D2C4398C0}.Debug|Any CPU.Build.0 = Debug|Any CPU
		{F30AFC14-F394-4C2A-8A96-484D2C4398C0}.Release|Any CPU.ActiveCfg = Release|Any CPU
		{F30AFC14-F394-4C2A-8A96-484D2C4398C0}.Release|Any CPU.Build.0 = Release|Any CPU
		{DFE45975-8B32-4A72-86CB-73E116B24C01}.Debug|Any CPU.ActiveCfg = Debug|Any CPU
		{DFE45975-8B32-4A72-86CB-73E116B24C01}.Debug|Any CPU.Build.0 = Debug|Any CPU
		{DFE45975-8B32-4A72-86CB-73E116B24C01}.Release|Any CPU.ActiveCfg = Release|Any CPU
		{DFE45975-8B32-4A72-86CB-73E116B24C01}.Release|Any CPU.Build.0 = Release|Any CPU
		{5A33EAD3-0FA1-415C-B9FE-1CE389F1D824}.Debug|Any CPU.ActiveCfg = Debug|Any CPU
		{5A33EAD3-0FA1-415C-B9FE-1CE389F1D824}.Debug|Any CPU.Build.0 = Debug|Any CPU
		{5A33EAD3-0FA1-415C-B9FE-1CE389F1D824}.Release|Any CPU.ActiveCfg = Release|Any CPU
		{5A33EAD3-0FA1-415C-B9FE-1CE389F1D824}.Release|Any CPU.Build.0 = Release|Any CPU
		{0ED930F7-3051-4BEE-BAF0-97C8797D8E14}.Debug|Any CPU.ActiveCfg = Debug|Any CPU
		{0ED930F7-3051-4BEE-BAF0-97C8797D8E14}.Debug|Any CPU.Build.0 = Debug|Any CPU
		{0ED930F7-3051-4BEE-BAF0-97C8797D8E14}.Release|Any CPU.ActiveCfg = Release|Any CPU
		{0ED930F7-3051-4BEE-BAF0-97C8797D8E14}.Release|Any CPU.Build.0 = Release|Any CPU
		{CB2041C6-8529-4039-89D4-B6F1FD4F472D}.Debug|Any CPU.ActiveCfg = Debug|Any CPU
		{CB2041C6-8529-4039-89D4-B6F1FD4F472D}.Debug|Any CPU.Build.0 = Debug|Any CPU
		{CB2041C6-8529-4039-89D4-B6F1FD4F472D}.Release|Any CPU.ActiveCfg = Release|Any CPU
		{CB2041C6-8529-4039-89D4-B6F1FD4F472D}.Release|Any CPU.Build.0 = Release|Any CPU
		{FC21B155-2475-4115-9C84-390815DF3C42}.Debug|Any CPU.ActiveCfg = Debug|Any CPU
		{FC21B155-2475-4115-9C84-390815DF3C42}.Debug|Any CPU.Build.0 = Debug|Any CPU
		{FC21B155-2475-4115-9C84-390815DF3C42}.Release|Any CPU.ActiveCfg = Release|Any CPU
		{FC21B155-2475-4115-9C84-390815DF3C42}.Release|Any CPU.Build.0 = Release|Any CPU
		{09F31338-A78C-4A1B-A171-E40CB7B7BF92}.Debug|Any CPU.ActiveCfg = Debug|Any CPU
		{09F31338-A78C-4A1B-A171-E40CB7B7BF92}.Debug|Any CPU.Build.0 = Debug|Any CPU
		{09F31338-A78C-4A1B-A171-E40CB7B7BF92}.Release|Any CPU.ActiveCfg = Release|Any CPU
		{09F31338-A78C-4A1B-A171-E40CB7B7BF92}.Release|Any CPU.Build.0 = Release|Any CPU
		{B12FC2D3-FE43-4794-9817-F94AF045F58A}.Debug|Any CPU.ActiveCfg = Debug|Any CPU
		{B12FC2D3-FE43-4794-9817-F94AF045F58A}.Debug|Any CPU.Build.0 = Debug|Any CPU
		{B12FC2D3-FE43-4794-9817-F94AF045F58A}.Release|Any CPU.ActiveCfg = Release|Any CPU
		{B12FC2D3-FE43-4794-9817-F94AF045F58A}.Release|Any CPU.Build.0 = Release|Any CPU
		{E2F8F9E5-B76C-40E2-A8B8-00DC9CC0A06C}.Debug|Any CPU.ActiveCfg = Debug|Any CPU
		{E2F8F9E5-B76C-40E2-A8B8-00DC9CC0A06C}.Debug|Any CPU.Build.0 = Debug|Any CPU
		{E2F8F9E5-B76C-40E2-A8B8-00DC9CC0A06C}.Release|Any CPU.ActiveCfg = Release|Any CPU
		{E2F8F9E5-B76C-40E2-A8B8-00DC9CC0A06C}.Release|Any CPU.Build.0 = Release|Any CPU
		{E29599DB-6585-47DC-9801-89CA0A5B8D53}.Debug|Any CPU.ActiveCfg = Debug|Any CPU
		{E29599DB-6585-47DC-9801-89CA0A5B8D53}.Debug|Any CPU.Build.0 = Debug|Any CPU
		{E29599DB-6585-47DC-9801-89CA0A5B8D53}.Release|Any CPU.ActiveCfg = Release|Any CPU
		{E29599DB-6585-47DC-9801-89CA0A5B8D53}.Release|Any CPU.Build.0 = Release|Any CPU
		{2127636B-EEC1-4164-BC41-0E5143BD7644}.Debug|Any CPU.ActiveCfg = Debug|Any CPU
		{2127636B-EEC1-4164-BC41-0E5143BD7644}.Debug|Any CPU.Build.0 = Debug|Any CPU
		{2127636B-EEC1-4164-BC41-0E5143BD7644}.Release|Any CPU.ActiveCfg = Release|Any CPU
		{2127636B-EEC1-4164-BC41-0E5143BD7644}.Release|Any CPU.Build.0 = Release|Any CPU
		{05D356AC-F99D-4446-AAB2-85E586A9C2F3}.Debug|Any CPU.ActiveCfg = Debug|Any CPU
		{05D356AC-F99D-4446-AAB2-85E586A9C2F3}.Debug|Any CPU.Build.0 = Debug|Any CPU
		{05D356AC-F99D-4446-AAB2-85E586A9C2F3}.Release|Any CPU.ActiveCfg = Release|Any CPU
		{05D356AC-F99D-4446-AAB2-85E586A9C2F3}.Release|Any CPU.Build.0 = Release|Any CPU
		{A81D6054-0DBF-4287-9AF5-593380A66F51}.Debug|Any CPU.ActiveCfg = Debug|Any CPU
		{A81D6054-0DBF-4287-9AF5-593380A66F51}.Debug|Any CPU.Build.0 = Debug|Any CPU
		{A81D6054-0DBF-4287-9AF5-593380A66F51}.Release|Any CPU.ActiveCfg = Release|Any CPU
		{A81D6054-0DBF-4287-9AF5-593380A66F51}.Release|Any CPU.Build.0 = Release|Any CPU
		{4B669B7C-1302-4D1D-8FF2-33208D036183}.Debug|Any CPU.ActiveCfg = Debug|Any CPU
		{4B669B7C-1302-4D1D-8FF2-33208D036183}.Debug|Any CPU.Build.0 = Debug|Any CPU
		{4B669B7C-1302-4D1D-8FF2-33208D036183}.Release|Any CPU.ActiveCfg = Release|Any CPU
		{4B669B7C-1302-4D1D-8FF2-33208D036183}.Release|Any CPU.Build.0 = Release|Any CPU
	EndGlobalSection
	GlobalSection(SolutionProperties) = preSolution
		HideSolutionNode = FALSE
	EndGlobalSection
	GlobalSection(NestedProjects) = preSolution
		{250226AA-1BAC-4607-9380-6746BC7E717B} = {7C1294CE-6E58-4543-8F6A-03766955F378}
		{F30AFC14-F394-4C2A-8A96-484D2C4398C0} = {7C1294CE-6E58-4543-8F6A-03766955F378}
		{DFE45975-8B32-4A72-86CB-73E116B24C01} = {7C1294CE-6E58-4543-8F6A-03766955F378}
		{5A33EAD3-0FA1-415C-B9FE-1CE389F1D824} = {504177A4-B311-4716-BC8F-27D6B4B0DC4D}
		{0ED930F7-3051-4BEE-BAF0-97C8797D8E14} = {504177A4-B311-4716-BC8F-27D6B4B0DC4D}
		{CB2041C6-8529-4039-89D4-B6F1FD4F472D} = {504177A4-B311-4716-BC8F-27D6B4B0DC4D}
		{FC21B155-2475-4115-9C84-390815DF3C42} = {B8941F46-5569-4DDF-BBC9-1BB4FDAEAF13}
		{09F31338-A78C-4A1B-A171-E40CB7B7BF92} = {B8941F46-5569-4DDF-BBC9-1BB4FDAEAF13}
		{B12FC2D3-FE43-4794-9817-F94AF045F58A} = {B8941F46-5569-4DDF-BBC9-1BB4FDAEAF13}
		{E2F8F9E5-B76C-40E2-A8B8-00DC9CC0A06C} = {019D0D77-A158-4908-8343-638E6D3A3771}
		{E29599DB-6585-47DC-9801-89CA0A5B8D53} = {019D0D77-A158-4908-8343-638E6D3A3771}
		{2127636B-EEC1-4164-BC41-0E5143BD7644} = {019D0D77-A158-4908-8343-638E6D3A3771}
		{05D356AC-F99D-4446-AAB2-85E586A9C2F3} = {F5888804-A8DB-4DD3-AE54-3CCF89A6D248}
		{A81D6054-0DBF-4287-9AF5-593380A66F51} = {F5888804-A8DB-4DD3-AE54-3CCF89A6D248}
		{4B669B7C-1302-4D1D-8FF2-33208D036183} = {F5888804-A8DB-4DD3-AE54-3CCF89A6D248}
	EndGlobalSection
	GlobalSection(ExtensibilityGlobals) = postSolution
		SolutionGuid = {E9B69C57-4FB8-4434-83BC-EC6C8CB15E3D}
	EndGlobalSection
EndGlobal
