
Microsoft Visual Studio Solution File, Format Version 12.00
# Visual Studio Version 16
VisualStudioVersion = 16.0.33927.289
MinimumVisualStudioVersion = 10.0.40219.1
Project("{2150E333-8FDC-42A3-9474-1A3956D46DE8}") = "Task0", "Task0", "{7C1294CE-6E58-4543-8F6A-03766955F378}"
EndProject
Project("{FAE04EC0-301F-11D3-BF4B-00C04F79EFBC}") = "Tyuiu.PimenovaTS.Sprint6.Task0.V10.Lib", "Tyuiu.PimenovaTS.Sprint6.Task0.V10.Lib\Tyuiu.PimenovaTS.Sprint6.Task0.V10.Lib.csproj", "{250226AA-1BAC-4607-9380-6746BC7E717B}"
EndProject
Project("{FAE04EC0-301F-11D3-BF4B-00C04F79EFBC}") = "Tyuiu.PimenovaTS.Sprint6.Task0.V10.Test", "Tyuiu.PimenovaTS.Sprint6.Task0.V10.Test\Tyuiu.PimenovaTS.Sprint6.Task0.V10.Test.csproj", "{F30AFC14-F394-4C2A-8A96-484D2C4398C0}"
EndProject
Project("{FAE04EC0-301F-11D3-BF4B-00C04F79EFBC}") = "Tyuiu.PimenovaTS.Sprint6.Task0.V10", "Tyuiu.PimenovaTS.Sprint6.Task0.V10\Tyuiu.PimenovaTS.Sprint6.Task0.V10.csproj", "{DFE45975-8B32-4A72-86CB-73E116B24C01}"
EndProject
Project("{2150E333-8FDC-42A3-9474-1A3956D46DE8}") = "Task1", "Task1", "{504177A4-B311-4716-BC8F-27D6B4B0DC4D}"
EndProject
Project("{FAE04EC0-301F-11D3-BF4B-00C04F79EFBC}") = "Tyuiu.PimenovaTS.Sprint6.Task1.V8.Test", "Tyuiu.PimenovaTS.Sprint6.Task1.V8.Test\Tyuiu.PimenovaTS.Sprint6.Task1.V8.Test.csproj", "{5A33EAD3-0FA1-415C-B9FE-1CE389F1D824}"
EndProject
Project("{FAE04EC0-301F-11D3-BF4B-00C04F79EFBC}") = "Tyuiu.PimenovaTS.Sprint6.Task1.V8.Lib", "Tyuiu.PimenovaTS.Sprint6.Task1.V8.Lib\Tyuiu.PimenovaTS.Sprint6.Task1.V8.Lib.csproj", "{0ED930F7-3051-4BEE-BAF0-97C8797D8E14}"
EndProject
Project("{FAE04EC0-301F-11D3-BF4B-00C04F79EFBC}") = "Tyuiu.PimenovaTS.Sprint6.Task1.V8", "Tyuiu.PimenovaTS.Sprint6.Task1.V8\Tyuiu.PimenovaTS.Sprint6.Task1.V8.csproj", "{CB2041C6-8529-4039-89D4-B6F1FD4F472D}"
EndProject
Global
	GlobalSection(SolutionConfigurationPlatforms) = preSolution
		Debug|Any CPU = Debug|Any CPU
		Release|Any CPU = Release|Any CPU
	EndGlobalSection
	GlobalSection(ProjectConfigurationPlatforms) = postSolution
		{250226AA-1BAC-4607-9380-6746BC7E717B}.Debug|Any CPU.ActiveCfg = Debug|Any CPU
		{250226AA-1BAC-4607-9380-6746BC7E717B}.Debug|Any CPU.Build.0 = Debug|Any CPU
		{250226AA-1BAC-4607-9380-6746BC7E717B}.Release|Any CPU.ActiveCfg = Release|Any CPU
		{250226AA-1BAC-4607-9380-6746BC7E717B}.Release|Any CPU.Build.0 = Release|Any CPU
		{F30AFC14-F394-4C2A-8A96-484D2C4398C0}.Debug|Any CPU.ActiveCfg = Debug|Any CPU
		{F30AFC14-F394-4C2A-8A96-484D2C4398C0}.Debug|Any CPU.Build.0 = Debug|Any CPU
		{F30AFC14-F394-4C2A-8A96-484D2C4398C0}.Release|Any CPU.ActiveCfg = Release|Any CPU
		{F30AFC14-F394-4C2A-8A96-484D2C4398C0}.Release|Any CPU.Build.0 = Release|Any CPU
		{DFE45975-8B32-4A72-86CB-73E116B24C01}.Debug|Any CPU.ActiveCfg = Debug|Any CPU
		{DFE45975-8B32-4A72-86CB-73E116B24C01}.Debug|Any CPU.Build.0 = Debug|Any CPU
		{DFE45975-8B32-4A72-86CB-73E116B24C01}.Release|Any CPU.ActiveCfg = Release|Any CPU
		{DFE45975-8B32-4A72-86CB-73E116B24C01}.Release|Any CPU.Build.0 = Release|Any CPU
		{5A33EAD3-0FA1-415C-B9FE-1CE389F1D824}.Debug|Any CPU.ActiveCfg = Debug|Any CPU
		{5A33EAD3-0FA1-415C-B9FE-1CE389F1D824}.Debug|Any CPU.Build.0 = Debug|Any CPU
		{5A33EAD3-0FA1-415C-B9FE-1CE389F1D824}.Release|Any CPU.ActiveCfg = Release|Any CPU
		{5A33EAD3-0FA1-415C-B9FE-1CE389F1D824}.Release|Any CPU.Build.0 = Release|Any CPU
		{0ED930F7-3051-4BEE-BAF0-97C8797D8E14}.Debug|Any CPU.ActiveCfg = Debug|Any CPU
		{0ED930F7-3051-4BEE-BAF0-97C8797D8E14}.Debug|Any CPU.Build.0 = Debug|Any CPU
		{0ED930F7-3051-4BEE-BAF0-97C8797D8E14}.Release|Any CPU.ActiveCfg = Release|Any CPU
		{0ED930F7-3051-4BEE-BAF0-97C8797D8E14}.Release|Any CPU.Build.0 = Release|Any CPU
		{CB2041C6-8529-4039-89D4-B6F1FD4F472D}.Debug|Any CPU.ActiveCfg = Debug|Any CPU
		{CB2041C6-8529-4039-89D4-B6F1FD4F472D}.Debug|Any CPU.Build.0 = Debug|Any CPU
		{CB2041C6-8529-4039-89D4-B6F1FD4F472D}.Release|Any CPU.ActiveCfg = Release|Any CPU
		{CB2041C6-8529-4039-89D4-B6F1FD4F472D}.Release|Any CPU.Build.0 = Release|Any CPU
	EndGlobalSection
	GlobalSection(SolutionProperties) = preSolution
		HideSolutionNode = FALSE
	EndGlobalSection
	GlobalSection(NestedProjects) = preSolution
		{250226AA-1BAC-4607-9380-6746BC7E717B} = {7C1294CE-6E58-4543-8F6A-03766955F378}
		{F30AFC14-F394-4C2A-8A96-484D2C4398C0} = {7C1294CE-6E58-4543-8F6A-03766955F378}
		{DFE45975-8B32-4A72-86CB-73E116B24C01} = {7C1294CE-6E58-4543-8F6A-03766955F378}
		{5A33EAD3-0FA1-415C-B9FE-1CE389F1D824} = {504177A4-B311-4716-BC8F-27D6B4B0DC4D}
		{0ED930F7-3051-4BEE-BAF0-97C8797D8E14} = {504177A4-B311-4716-BC8F-27D6B4B0DC4D}
		{CB2041C6-8529-4039-89D4-B6F1FD4F472D} = {504177A4-B311-4716-BC8F-27D6B4B0DC4D}
	EndGlobalSection
	GlobalSection(ExtensibilityGlobals) = postSolution
		SolutionGuid = {E9B69C57-4FB8-4434-83BC-EC6C8CB15E3D}
	EndGlobalSection
EndGlobal
